
Microsoft Visual Studio Solution File, Format Version 12.00
# Visual Studio Version 17
VisualStudioVersion = 17.2.32602.215
MinimumVisualStudioVersion = 10.0.40219.1
Project("{9A19103F-16F7-4668-BE54-9A1E7A4F7556}") = "Linq4NetCore6", "Linq4NetCore6\Linq4NetCore6.csproj", "{AB199D3F-0181-4FF7-8AD9-55BAC676B8BD}"
EndProject
Global
	GlobalSection(SolutionConfigurationPlatforms) = preSolution
		Debug|Any CPU = Debug|Any CPU
		Debug|Mixed Platforms = Debug|Mixed Platforms
		Debug|x64 = Debug|x64
		Debug|x86 = Debug|x86
		Release|Any CPU = Release|Any CPU
		Release|Mixed Platforms = Release|Mixed Platforms
		Release|x64 = Release|x64
		Release|x86 = Release|x86
	EndGlobalSection
	GlobalSection(ProjectConfigurationPlatforms) = postSolution
		{AB199D3F-0181-4FF7-8AD9-55BAC676B8BD}.Debug|Any CPU.ActiveCfg = Debug|Any CPU
		{AB199D3F-0181-4FF7-8AD9-55BAC676B8BD}.Debug|Any CPU.Build.0 = Debug|Any CPU
		{AB199D3F-0181-4FF7-8AD9-55BAC676B8BD}.Debug|Mixed Platforms.ActiveCfg = Debug|Any CPU
		{AB199D3F-0181-4FF7-8AD9-55BAC676B8BD}.Debug|Mixed Platforms.Build.0 = Debug|Any CPU
		{AB199D3F-0181-4FF7-8AD9-55BAC676B8BD}.Debug|x64.ActiveCfg = Debug|Any CPU
		{AB199D3F-0181-4FF7-8AD9-55BAC676B8BD}.Debug|x64.Build.0 = Debug|Any CPU
		{AB199D3F-0181-4FF7-8AD9-55BAC676B8BD}.Debug|x86.ActiveCfg = Debug|Any CPU
		{AB199D3F-0181-4FF7-8AD9-55BAC676B8BD}.Debug|x86.Build.0 = Debug|Any CPU
		{AB199D3F-0181-4FF7-8AD9-55BAC676B8BD}.Release|Any CPU.ActiveCfg = Release|Any CPU
		{AB199D3F-0181-4FF7-8AD9-55BAC676B8BD}.Release|Any CPU.Build.0 = Release|Any CPU
		{AB199D3F-0181-4FF7-8AD9-55BAC676B8BD}.Release|Mixed Platforms.ActiveCfg = Release|Any CPU
		{AB199D3F-0181-4FF7-8AD9-55BAC676B8BD}.Release|Mixed Platforms.Build.0 = Release|Any CPU
		{AB199D3F-0181-4FF7-8AD9-55BAC676B8BD}.Release|x64.ActiveCfg = Release|Any CPU
		{AB199D3F-0181-4FF7-8AD9-55BAC676B8BD}.Release|x64.Build.0 = Release|Any CPU
		{AB199D3F-0181-4FF7-8AD9-55BAC676B8BD}.Release|x86.ActiveCfg = Release|Any CPU
		{AB199D3F-0181-4FF7-8AD9-55BAC676B8BD}.Release|x86.Build.0 = Release|Any CPU
	EndGlobalSection
	GlobalSection(SolutionProperties) = preSolution
		HideSolutionNode = FALSE
	EndGlobalSection
	GlobalSection(ExtensibilityGlobals) = postSolution
		SolutionGuid = {8700ECB2-AE48-4126-85ED-61595811EAB2}
	EndGlobalSection
EndGlobal
